
Microsoft Visual Studio Solution File, Format Version 12.00
# Visual Studio 2012
Project("{FAE04EC0-301F-11D3-BF4B-00C04F79EFBC}") = "GamesSimulator", "ConsoleSimulator\GamesSimulator.csproj", "{FC64B7E6-F6BC-4828-B757-E1AC98F68A86}"
EndProject
Project("{FAE04EC0-301F-11D3-BF4B-00C04F79EFBC}") = "Agents", "Agents\Agents.csproj", "{F8B08185-585C-45F2-9839-2B29ACF19BF9}"
EndProject
Project("{FAE04EC0-301F-11D3-BF4B-00C04F79EFBC}") = "AIBasic", "AIInterfeces\AIBasic.csproj", "{D2CE453C-14D8-497F-AC5D-2C3E74B4E7AA}"
EndProject
Project("{FAE04EC0-301F-11D3-BF4B-00C04F79EFBC}") = "Tests", "SimulatorTest\Tests.csproj", "{2E1440B9-7341-4797-AAA6-C837688EC3DF}"
EndProject
Global
	GlobalSection(TeamFoundationVersionControl) = preSolution
		SccNumberOfProjects = 5
		SccEnterpriseProvider = {4CA58AB2-18FA-4F8D-95D4-32DDF27D184C}
		SccTeamFoundationServer = https://fedidash.visualstudio.com/defaultcollection
		SccLocalPath0 = .
		SccProjectUniqueName1 = Agents\\Agents.csproj
		SccProjectName1 = Agents
		SccLocalPath1 = Agents
		SccProjectUniqueName2 = AIInterfeces\\AIBasic.csproj
		SccProjectName2 = AIInterfeces
		SccLocalPath2 = AIInterfeces
		SccProjectUniqueName3 = SimulatorTest\\Tests.csproj
		SccProjectName3 = SimulatorTest
		SccLocalPath3 = SimulatorTest
		SccProjectUniqueName4 = ConsoleSimulator\\GamesSimulator.csproj
		SccProjectName4 = ConsoleSimulator
		SccLocalPath4 = ConsoleSimulator
	EndGlobalSection
	GlobalSection(SolutionConfigurationPlatforms) = preSolution
		Debug|Any CPU = Debug|Any CPU
		Release|Any CPU = Release|Any CPU
	EndGlobalSection
	GlobalSection(ProjectConfigurationPlatforms) = postSolution
		{FC64B7E6-F6BC-4828-B757-E1AC98F68A86}.Debug|Any CPU.ActiveCfg = Debug|Any CPU
		{FC64B7E6-F6BC-4828-B757-E1AC98F68A86}.Debug|Any CPU.Build.0 = Debug|Any CPU
		{FC64B7E6-F6BC-4828-B757-E1AC98F68A86}.Release|Any CPU.ActiveCfg = Release|Any CPU
		{FC64B7E6-F6BC-4828-B757-E1AC98F68A86}.Release|Any CPU.Build.0 = Release|Any CPU
		{F8B08185-585C-45F2-9839-2B29ACF19BF9}.Debug|Any CPU.ActiveCfg = Debug|Any CPU
		{F8B08185-585C-45F2-9839-2B29ACF19BF9}.Debug|Any CPU.Build.0 = Debug|Any CPU
		{F8B08185-585C-45F2-9839-2B29ACF19BF9}.Release|Any CPU.ActiveCfg = Release|Any CPU
		{F8B08185-585C-45F2-9839-2B29ACF19BF9}.Release|Any CPU.Build.0 = Release|Any CPU
		{D2CE453C-14D8-497F-AC5D-2C3E74B4E7AA}.Debug|Any CPU.ActiveCfg = Debug|Any CPU
		{D2CE453C-14D8-497F-AC5D-2C3E74B4E7AA}.Debug|Any CPU.Build.0 = Debug|Any CPU
		{D2CE453C-14D8-497F-AC5D-2C3E74B4E7AA}.Release|Any CPU.ActiveCfg = Release|Any CPU
		{D2CE453C-14D8-497F-AC5D-2C3E74B4E7AA}.Release|Any CPU.Build.0 = Release|Any CPU
		{2E1440B9-7341-4797-AAA6-C837688EC3DF}.Debug|Any CPU.ActiveCfg = Debug|Any CPU
		{2E1440B9-7341-4797-AAA6-C837688EC3DF}.Debug|Any CPU.Build.0 = Debug|Any CPU
		{2E1440B9-7341-4797-AAA6-C837688EC3DF}.Release|Any CPU.ActiveCfg = Release|Any CPU
		{2E1440B9-7341-4797-AAA6-C837688EC3DF}.Release|Any CPU.Build.0 = Release|Any CPU
	EndGlobalSection
	GlobalSection(SolutionProperties) = preSolution
		HideSolutionNode = FALSE
	EndGlobalSection
EndGlobal
