
Microsoft Visual Studio Solution File, Format Version 12.00
# Visual Studio 2012
Project("{FAE04EC0-301F-11D3-BF4B-00C04F79EFBC}") = "BayesianNetworks", "BayesianNetworks.csproj", "{DDEBEDD3-6906-4C11-A086-78E554186A05}"
EndProject
Global
	GlobalSection(TeamFoundationVersionControl) = preSolution
		SccNumberOfProjects = 2
		SccEnterpriseProvider = {4CA58AB2-18FA-4F8D-95D4-32DDF27D184C}
		SccTeamFoundationServer = https://fedidash.visualstudio.com/defaultcollection
		SccLocalPath0 = .
		SccProjectUniqueName1 = BayesianNetworks.csproj
		SccLocalPath1 = .
	EndGlobalSection
	GlobalSection(SolutionConfigurationPlatforms) = preSolution
		Debug|Any CPU = Debug|Any CPU
		Release|Any CPU = Release|Any CPU
	EndGlobalSection
	GlobalSection(ProjectConfigurationPlatforms) = postSolution
		{DDEBEDD3-6906-4C11-A086-78E554186A05}.Debug|Any CPU.ActiveCfg = Debug|Any CPU
		{DDEBEDD3-6906-4C11-A086-78E554186A05}.Debug|Any CPU.Build.0 = Debug|Any CPU
		{DDEBEDD3-6906-4C11-A086-78E554186A05}.Release|Any CPU.ActiveCfg = Release|Any CPU
		{DDEBEDD3-6906-4C11-A086-78E554186A05}.Release|Any CPU.Build.0 = Release|Any CPU
	EndGlobalSection
	GlobalSection(SolutionProperties) = preSolution
		HideSolutionNode = FALSE
	EndGlobalSection
EndGlobal
